
Microsoft Visual Studio Solution File, Format Version 12.00
# Visual Studio Version 17
VisualStudioVersion = 17.3.32929.385
MinimumVisualStudioVersion = 10.0.40219.1
Project("{9A19103F-16F7-4668-BE54-9A1E7A4F7556}") = "ExchangeServiceAPI", "ExchangeServiceAPI\ExchangeServiceAPI.csproj", "{99013434-D20F-4A40-92FD-DF2613108F22}"
EndProject
Project("{FAE04EC0-301F-11D3-BF4B-00C04F79EFBC}") = "ExchangeServiceAPI.Test", "ExchangeServiceAPI.Test\ExchangeServiceAPI.Test.csproj", "{41A301D8-1F01-48FA-9501-DBDAED6EF99E}"
EndProject
Project("{2150E333-8FDC-42A3-9474-1A3956D46DE8}") = "Solution Items", "Solution Items", "{2CBC6F21-74A2-4332-89B3-734544EDD2BE}"
EndProject
Global
	GlobalSection(SolutionConfigurationPlatforms) = preSolution
		Debug|Any CPU = Debug|Any CPU
		Release|Any CPU = Release|Any CPU
	EndGlobalSection
	GlobalSection(ProjectConfigurationPlatforms) = postSolution
		{99013434-D20F-4A40-92FD-DF2613108F22}.Debug|Any CPU.ActiveCfg = Debug|Any CPU
		{99013434-D20F-4A40-92FD-DF2613108F22}.Debug|Any CPU.Build.0 = Debug|Any CPU
		{99013434-D20F-4A40-92FD-DF2613108F22}.Release|Any CPU.ActiveCfg = Release|Any CPU
		{99013434-D20F-4A40-92FD-DF2613108F22}.Release|Any CPU.Build.0 = Release|Any CPU
		{41A301D8-1F01-48FA-9501-DBDAED6EF99E}.Debug|Any CPU.ActiveCfg = Debug|Any CPU
		{41A301D8-1F01-48FA-9501-DBDAED6EF99E}.Debug|Any CPU.Build.0 = Debug|Any CPU
		{41A301D8-1F01-48FA-9501-DBDAED6EF99E}.Release|Any CPU.ActiveCfg = Release|Any CPU
		{41A301D8-1F01-48FA-9501-DBDAED6EF99E}.Release|Any CPU.Build.0 = Release|Any CPU
	EndGlobalSection
	GlobalSection(SolutionProperties) = preSolution
		HideSolutionNode = FALSE
	EndGlobalSection
	GlobalSection(ExtensibilityGlobals) = postSolution
		SolutionGuid = {6BEC9507-3903-4311-982A-9ACB2ECE04FF}
	EndGlobalSection
EndGlobal
